// !$*UTF8*$!
{
	archiveVersion = 1;
	classes = {
	};
	objectVersion = 56;
	objects = {

/* Begin PBXBuildFile section */
		9DF8456653DD26525925B71A /* Pods_GRESSO.framework in Frameworks */ = {isa = PBXBuildFile; fileRef = 08E3A999C72AEBA3C25959F4 /* Pods_GRESSO.framework */; };
		F537587C2A46D31800EF0139 /* Assets.swift in Sources */ = {isa = PBXBuildFile; fileRef = F537587B2A46D31800EF0139 /* Assets.swift */; };
		F537587F2A48420200EF0139 /* ClassIdentifiable.swift in Sources */ = {isa = PBXBuildFile; fileRef = F537587E2A48420200EF0139 /* ClassIdentifiable.swift */; };
		F53758832A48425700EF0139 /* ColorsView.swift in Sources */ = {isa = PBXBuildFile; fileRef = F53758822A48425700EF0139 /* ColorsView.swift */; };
		F53758852A48426C00EF0139 /* PagingColorsView.swift in Sources */ = {isa = PBXBuildFile; fileRef = F53758842A48426C00EF0139 /* PagingColorsView.swift */; };
		F53758882A48428900EF0139 /* ColorCollectionCell.swift in Sources */ = {isa = PBXBuildFile; fileRef = F53758872A48428900EF0139 /* ColorCollectionCell.swift */; };
		F53758A52A49F63C00EF0139 /* SnapshotView.swift in Sources */ = {isa = PBXBuildFile; fileRef = F53758A42A49F63C00EF0139 /* SnapshotView.swift */; };
		F53758A82A4A16E800EF0139 /* ActivityView.swift in Sources */ = {isa = PBXBuildFile; fileRef = F53758A72A4A16E800EF0139 /* ActivityView.swift */; };
		F5396D672A30E6E50059E331 /* GressoAppApp.swift in Sources */ = {isa = PBXBuildFile; fileRef = F5396D662A30E6E50059E331 /* GressoAppApp.swift */; };
		F5396D692A30E6E50059E331 /* ContentView.swift in Sources */ = {isa = PBXBuildFile; fileRef = F5396D682A30E6E50059E331 /* ContentView.swift */; };
		F5396D6B2A30E6E90059E331 /* Assets.xcassets in Resources */ = {isa = PBXBuildFile; fileRef = F5396D6A2A30E6E90059E331 /* Assets.xcassets */; };
		F5396D6E2A30E6E90059E331 /* Preview Assets.xcassets in Resources */ = {isa = PBXBuildFile; fileRef = F5396D6D2A30E6E90059E331 /* Preview Assets.xcassets */; };
		F53A669D2A5C4D6E00786FB8 /* RCProject.swift in Sources */ = {isa = PBXBuildFile; fileRef = F53A669C2A5C4D6E00786FB8 /* RCProject.swift */; };
		F53A8DFC2A62982100825578 /* UIColor+image.swift in Sources */ = {isa = PBXBuildFile; fileRef = F53A8DFB2A62982100825578 /* UIColor+image.swift */; };
		F53A8E002A62A85100825578 /* R.generated.swift in Sources */ = {isa = PBXBuildFile; fileRef = F53A8DFF2A62A85100825578 /* R.generated.swift */; };
		F53A8E122A62AF0400825578 /* Localizable.strings in Resources */ = {isa = PBXBuildFile; fileRef = F53A8E142A62AF0400825578 /* Localizable.strings */; };
		F53A8E182A62BB8B00825578 /* TryOnButton.swift in Sources */ = {isa = PBXBuildFile; fileRef = F53A8E172A62BB8B00825578 /* TryOnButton.swift */; };
		F53A8E1A2A62C13200825578 /* UIView+Screenshot.swift in Sources */ = {isa = PBXBuildFile; fileRef = F53A8E192A62C13200825578 /* UIView+Screenshot.swift */; };
		F53F62D52B0A5917009163C6 /* AnalyticsService.swift in Sources */ = {isa = PBXBuildFile; fileRef = F53F62D42B0A5917009163C6 /* AnalyticsService.swift */; };
		F53F62D72B0A64DB009163C6 /* GoogleService-Info.plist in Resources */ = {isa = PBXBuildFile; fileRef = F53F62D62B0A64DB009163C6 /* GoogleService-Info.plist */; };
		F544678F2A92238F00E6D156 /* Adjust in Frameworks */ = {isa = PBXBuildFile; productRef = F544678E2A92238F00E6D156 /* Adjust */; };
		F54467942A94A4DA00E6D156 /* FirebaseAnalytics in Frameworks */ = {isa = PBXBuildFile; productRef = F54467932A94A4DA00E6D156 /* FirebaseAnalytics */; };
		F56F000E2A3F262E00D66042 /* S3ServiceHandler.swift in Sources */ = {isa = PBXBuildFile; fileRef = F56F000D2A3F262E00D66042 /* S3ServiceHandler.swift */; };
		F56F00102A3F26E800D66042 /* ARFittingRoomView.swift in Sources */ = {isa = PBXBuildFile; fileRef = F56F000F2A3F26E800D66042 /* ARFittingRoomView.swift */; };
		F58420072A4E2BE1004C4A27 /* Collection+SafeGetter.swift in Sources */ = {isa = PBXBuildFile; fileRef = F58420062A4E2BE1004C4A27 /* Collection+SafeGetter.swift */; };
		F584200A2A4E3A95004C4A27 /* LoadingModel.swift in Sources */ = {isa = PBXBuildFile; fileRef = F58420092A4E3A95004C4A27 /* LoadingModel.swift */; };
		F584DFCA2A349965002517FD /* WebView.swift in Sources */ = {isa = PBXBuildFile; fileRef = F584DFC92A349965002517FD /* WebView.swift */; };
		F584DFCE2A34F0A7002517FD /* Launch Screen.storyboard in Resources */ = {isa = PBXBuildFile; fileRef = F584DFCD2A34F0A7002517FD /* Launch Screen.storyboard */; };
		F59E78DB2A6064AE00309218 /* SegmentedControl.swift in Sources */ = {isa = PBXBuildFile; fileRef = F59E78DA2A6064AE00309218 /* SegmentedControl.swift */; };
		F59E78F02A60652000309218 /* Jost ExtraLightItalic.ttf in Resources */ = {isa = PBXBuildFile; fileRef = F59E78DE2A60652000309218 /* Jost ExtraLightItalic.ttf */; };
		F59E78F12A60652000309218 /* Jost SemiBoldItalic.ttf in Resources */ = {isa = PBXBuildFile; fileRef = F59E78DF2A60652000309218 /* Jost SemiBoldItalic.ttf */; };
		F59E78F22A60652000309218 /* Jost MediumItalic.ttf in Resources */ = {isa = PBXBuildFile; fileRef = F59E78E02A60652000309218 /* Jost MediumItalic.ttf */; };
		F59E78F32A60652000309218 /* Jost ExtraBoldItalic.ttf in Resources */ = {isa = PBXBuildFile; fileRef = F59E78E12A60652000309218 /* Jost ExtraBoldItalic.ttf */; };
		F59E78F42A60652000309218 /* Jost LightItalic.ttf in Resources */ = {isa = PBXBuildFile; fileRef = F59E78E22A60652000309218 /* Jost LightItalic.ttf */; };
		F59E78F52A60652000309218 /* Jost Black.ttf in Resources */ = {isa = PBXBuildFile; fileRef = F59E78E32A60652000309218 /* Jost Black.ttf */; };
		F59E78F62A60652000309218 /* Jost BlackItalic.ttf in Resources */ = {isa = PBXBuildFile; fileRef = F59E78E42A60652000309218 /* Jost BlackItalic.ttf */; };
		F59E78F72A60652000309218 /* Jost BoldItalic.ttf in Resources */ = {isa = PBXBuildFile; fileRef = F59E78E52A60652000309218 /* Jost BoldItalic.ttf */; };
		F59E78F82A60652000309218 /* Jost ThinItalic.ttf in Resources */ = {isa = PBXBuildFile; fileRef = F59E78E62A60652000309218 /* Jost ThinItalic.ttf */; };
		F59E78F92A60652000309218 /* Jost ExtraLight.ttf in Resources */ = {isa = PBXBuildFile; fileRef = F59E78E72A60652000309218 /* Jost ExtraLight.ttf */; };
		F59E78FA2A60652000309218 /* Jost Medium.ttf in Resources */ = {isa = PBXBuildFile; fileRef = F59E78E82A60652000309218 /* Jost Medium.ttf */; };
		F59E78FB2A60652000309218 /* Jost SemiBold.ttf in Resources */ = {isa = PBXBuildFile; fileRef = F59E78E92A60652000309218 /* Jost SemiBold.ttf */; };
		F59E78FC2A60652000309218 /* Jost Regular.ttf in Resources */ = {isa = PBXBuildFile; fileRef = F59E78EA2A60652000309218 /* Jost Regular.ttf */; };
		F59E78FD2A60652000309218 /* Jost Italic.ttf in Resources */ = {isa = PBXBuildFile; fileRef = F59E78EB2A60652000309218 /* Jost Italic.ttf */; };
		F59E78FE2A60652000309218 /* Jost Bold.ttf in Resources */ = {isa = PBXBuildFile; fileRef = F59E78EC2A60652000309218 /* Jost Bold.ttf */; };
		F59E78FF2A60652000309218 /* Jost Light.ttf in Resources */ = {isa = PBXBuildFile; fileRef = F59E78ED2A60652000309218 /* Jost Light.ttf */; };
		F59E79002A60652000309218 /* Jost Thin.ttf in Resources */ = {isa = PBXBuildFile; fileRef = F59E78EE2A60652000309218 /* Jost Thin.ttf */; };
		F59E79012A60652000309218 /* Jost ExtraBold.ttf in Resources */ = {isa = PBXBuildFile; fileRef = F59E78EF2A60652000309218 /* Jost ExtraBold.ttf */; };
		F59E79062A6065F800309218 /* UIImage+textEmbeded.swift in Sources */ = {isa = PBXBuildFile; fileRef = F59E79052A6065F800309218 /* UIImage+textEmbeded.swift */; };
		F5CA680A2A3323CC0014CCDC /* ARViewContainer.swift in Sources */ = {isa = PBXBuildFile; fileRef = F5CA68092A3323CC0014CCDC /* ARViewContainer.swift */; };
		F5ECE2412A809A2800F52008 /* UserDefaults+Key.swift in Sources */ = {isa = PBXBuildFile; fileRef = F5ECE2402A809A2800F52008 /* UserDefaults+Key.swift */; };
		F5ECE2432A809AF500F52008 /* AppStoreReviewManager.swift in Sources */ = {isa = PBXBuildFile; fileRef = F5ECE2422A809AF500F52008 /* AppStoreReviewManager.swift */; };
/* End PBXBuildFile section */

/* Begin PBXFileReference section */
		08E3A999C72AEBA3C25959F4 /* Pods_GRESSO.framework */ = {isa = PBXFileReference; explicitFileType = wrapper.framework; includeInIndex = 0; path = Pods_GRESSO.framework; sourceTree = BUILT_PRODUCTS_DIR; };
		0FE37BCC60C5D11179257E99 /* Pods-GRESSO.release.xcconfig */ = {isa = PBXFileReference; includeInIndex = 1; lastKnownFileType = text.xcconfig; name = "Pods-GRESSO.release.xcconfig"; path = "Target Support Files/Pods-GRESSO/Pods-GRESSO.release.xcconfig"; sourceTree = "<group>"; };
		47FF4BD92E850633C7432851 /* Pods-GRESSO.debug.xcconfig */ = {isa = PBXFileReference; includeInIndex = 1; lastKnownFileType = text.xcconfig; name = "Pods-GRESSO.debug.xcconfig"; path = "Target Support Files/Pods-GRESSO/Pods-GRESSO.debug.xcconfig"; sourceTree = "<group>"; };
		F537587B2A46D31800EF0139 /* Assets.swift */ = {isa = PBXFileReference; lastKnownFileType = sourcecode.swift; path = Assets.swift; sourceTree = "<group>"; };
		F537587E2A48420200EF0139 /* ClassIdentifiable.swift */ = {isa = PBXFileReference; lastKnownFileType = sourcecode.swift; path = ClassIdentifiable.swift; sourceTree = "<group>"; };
		F53758822A48425700EF0139 /* ColorsView.swift */ = {isa = PBXFileReference; lastKnownFileType = sourcecode.swift; path = ColorsView.swift; sourceTree = "<group>"; };
		F53758842A48426C00EF0139 /* PagingColorsView.swift */ = {isa = PBXFileReference; lastKnownFileType = sourcecode.swift; path = PagingColorsView.swift; sourceTree = "<group>"; };
		F53758872A48428900EF0139 /* ColorCollectionCell.swift */ = {isa = PBXFileReference; lastKnownFileType = sourcecode.swift; path = ColorCollectionCell.swift; sourceTree = "<group>"; };
		F53758A42A49F63C00EF0139 /* SnapshotView.swift */ = {isa = PBXFileReference; lastKnownFileType = sourcecode.swift; path = SnapshotView.swift; sourceTree = "<group>"; };
		F53758A72A4A16E800EF0139 /* ActivityView.swift */ = {isa = PBXFileReference; lastKnownFileType = sourcecode.swift; path = ActivityView.swift; sourceTree = "<group>"; };
		F5396D632A30E6E50059E331 /* GRESSO.app */ = {isa = PBXFileReference; explicitFileType = wrapper.application; includeInIndex = 0; path = GRESSO.app; sourceTree = BUILT_PRODUCTS_DIR; };
		F5396D662A30E6E50059E331 /* GressoAppApp.swift */ = {isa = PBXFileReference; lastKnownFileType = sourcecode.swift; path = GressoAppApp.swift; sourceTree = "<group>"; };
		F5396D682A30E6E50059E331 /* ContentView.swift */ = {isa = PBXFileReference; lastKnownFileType = sourcecode.swift; path = ContentView.swift; sourceTree = "<group>"; };
		F5396D6A2A30E6E90059E331 /* Assets.xcassets */ = {isa = PBXFileReference; lastKnownFileType = folder.assetcatalog; path = Assets.xcassets; sourceTree = "<group>"; };
		F5396D6D2A30E6E90059E331 /* Preview Assets.xcassets */ = {isa = PBXFileReference; lastKnownFileType = folder.assetcatalog; path = "Preview Assets.xcassets"; sourceTree = "<group>"; };
		F53A669C2A5C4D6E00786FB8 /* RCProject.swift */ = {isa = PBXFileReference; lastKnownFileType = sourcecode.swift; path = RCProject.swift; sourceTree = "<group>"; };
		F53A8DFB2A62982100825578 /* UIColor+image.swift */ = {isa = PBXFileReference; lastKnownFileType = sourcecode.swift; path = "UIColor+image.swift"; sourceTree = "<group>"; };
		F53A8DFF2A62A85100825578 /* R.generated.swift */ = {isa = PBXFileReference; fileEncoding = 4; lastKnownFileType = sourcecode.swift; path = R.generated.swift; sourceTree = SOURCE_ROOT; };
		F53A8E132A62AF0400825578 /* en */ = {isa = PBXFileReference; lastKnownFileType = text.plist.strings; name = en; path = en.lproj/Localizable.strings; sourceTree = "<group>"; };
		F53A8E152A62AF0700825578 /* ru */ = {isa = PBXFileReference; lastKnownFileType = text.plist.strings; name = ru; path = ru.lproj/Localizable.strings; sourceTree = "<group>"; };
		F53A8E162A62AF0800825578 /* es-419 */ = {isa = PBXFileReference; lastKnownFileType = text.plist.strings; name = "es-419"; path = "es-419.lproj/Localizable.strings"; sourceTree = "<group>"; };
		F53A8E172A62BB8B00825578 /* TryOnButton.swift */ = {isa = PBXFileReference; lastKnownFileType = sourcecode.swift; path = TryOnButton.swift; sourceTree = "<group>"; };
		F53A8E192A62C13200825578 /* UIView+Screenshot.swift */ = {isa = PBXFileReference; lastKnownFileType = sourcecode.swift; path = "UIView+Screenshot.swift"; sourceTree = "<group>"; };
		F53A8E1B2A6490DA00825578 /* Info.plist */ = {isa = PBXFileReference; lastKnownFileType = text.plist.xml; path = Info.plist; sourceTree = "<group>"; };
		F53F62D42B0A5917009163C6 /* AnalyticsService.swift */ = {isa = PBXFileReference; lastKnownFileType = sourcecode.swift; path = AnalyticsService.swift; sourceTree = "<group>"; };
		F53F62D62B0A64DB009163C6 /* GoogleService-Info.plist */ = {isa = PBXFileReference; fileEncoding = 4; lastKnownFileType = text.plist.xml; path = "GoogleService-Info.plist"; sourceTree = "<group>"; };
		F56F000D2A3F262E00D66042 /* S3ServiceHandler.swift */ = {isa = PBXFileReference; lastKnownFileType = sourcecode.swift; path = S3ServiceHandler.swift; sourceTree = "<group>"; };
		F56F000F2A3F26E800D66042 /* ARFittingRoomView.swift */ = {isa = PBXFileReference; lastKnownFileType = sourcecode.swift; path = ARFittingRoomView.swift; sourceTree = "<group>"; };
		F58420062A4E2BE1004C4A27 /* Collection+SafeGetter.swift */ = {isa = PBXFileReference; lastKnownFileType = sourcecode.swift; path = "Collection+SafeGetter.swift"; sourceTree = "<group>"; };
		F58420092A4E3A95004C4A27 /* LoadingModel.swift */ = {isa = PBXFileReference; lastKnownFileType = sourcecode.swift; path = LoadingModel.swift; sourceTree = "<group>"; };
		F584DFC92A349965002517FD /* WebView.swift */ = {isa = PBXFileReference; lastKnownFileType = sourcecode.swift; path = WebView.swift; sourceTree = "<group>"; };
		F584DFCD2A34F0A7002517FD /* Launch Screen.storyboard */ = {isa = PBXFileReference; fileEncoding = 4; lastKnownFileType = file.storyboard; path = "Launch Screen.storyboard"; sourceTree = "<group>"; };
		F59E78DA2A6064AE00309218 /* SegmentedControl.swift */ = {isa = PBXFileReference; fileEncoding = 4; lastKnownFileType = sourcecode.swift; path = SegmentedControl.swift; sourceTree = "<group>"; };
		F59E78DE2A60652000309218 /* Jost ExtraLightItalic.ttf */ = {isa = PBXFileReference; lastKnownFileType = file; path = "Jost ExtraLightItalic.ttf"; sourceTree = "<group>"; };
		F59E78DF2A60652000309218 /* Jost SemiBoldItalic.ttf */ = {isa = PBXFileReference; lastKnownFileType = file; path = "Jost SemiBoldItalic.ttf"; sourceTree = "<group>"; };
		F59E78E02A60652000309218 /* Jost MediumItalic.ttf */ = {isa = PBXFileReference; lastKnownFileType = file; path = "Jost MediumItalic.ttf"; sourceTree = "<group>"; };
		F59E78E12A60652000309218 /* Jost ExtraBoldItalic.ttf */ = {isa = PBXFileReference; lastKnownFileType = file; path = "Jost ExtraBoldItalic.ttf"; sourceTree = "<group>"; };
		F59E78E22A60652000309218 /* Jost LightItalic.ttf */ = {isa = PBXFileReference; lastKnownFileType = file; path = "Jost LightItalic.ttf"; sourceTree = "<group>"; };
		F59E78E32A60652000309218 /* Jost Black.ttf */ = {isa = PBXFileReference; lastKnownFileType = file; path = "Jost Black.ttf"; sourceTree = "<group>"; };
		F59E78E42A60652000309218 /* Jost BlackItalic.ttf */ = {isa = PBXFileReference; lastKnownFileType = file; path = "Jost BlackItalic.ttf"; sourceTree = "<group>"; };
		F59E78E52A60652000309218 /* Jost BoldItalic.ttf */ = {isa = PBXFileReference; lastKnownFileType = file; path = "Jost BoldItalic.ttf"; sourceTree = "<group>"; };
		F59E78E62A60652000309218 /* Jost ThinItalic.ttf */ = {isa = PBXFileReference; lastKnownFileType = file; path = "Jost ThinItalic.ttf"; sourceTree = "<group>"; };
		F59E78E72A60652000309218 /* Jost ExtraLight.ttf */ = {isa = PBXFileReference; lastKnownFileType = file; path = "Jost ExtraLight.ttf"; sourceTree = "<group>"; };
		F59E78E82A60652000309218 /* Jost Medium.ttf */ = {isa = PBXFileReference; lastKnownFileType = file; path = "Jost Medium.ttf"; sourceTree = "<group>"; };
		F59E78E92A60652000309218 /* Jost SemiBold.ttf */ = {isa = PBXFileReference; lastKnownFileType = file; path = "Jost SemiBold.ttf"; sourceTree = "<group>"; };
		F59E78EA2A60652000309218 /* Jost Regular.ttf */ = {isa = PBXFileReference; lastKnownFileType = file; path = "Jost Regular.ttf"; sourceTree = "<group>"; };
		F59E78EB2A60652000309218 /* Jost Italic.ttf */ = {isa = PBXFileReference; lastKnownFileType = file; path = "Jost Italic.ttf"; sourceTree = "<group>"; };
		F59E78EC2A60652000309218 /* Jost Bold.ttf */ = {isa = PBXFileReference; lastKnownFileType = file; path = "Jost Bold.ttf"; sourceTree = "<group>"; };
		F59E78ED2A60652000309218 /* Jost Light.ttf */ = {isa = PBXFileReference; lastKnownFileType = file; path = "Jost Light.ttf"; sourceTree = "<group>"; };
		F59E78EE2A60652000309218 /* Jost Thin.ttf */ = {isa = PBXFileReference; lastKnownFileType = file; path = "Jost Thin.ttf"; sourceTree = "<group>"; };
		F59E78EF2A60652000309218 /* Jost ExtraBold.ttf */ = {isa = PBXFileReference; lastKnownFileType = file; path = "Jost ExtraBold.ttf"; sourceTree = "<group>"; };
		F59E79052A6065F800309218 /* UIImage+textEmbeded.swift */ = {isa = PBXFileReference; lastKnownFileType = sourcecode.swift; path = "UIImage+textEmbeded.swift"; sourceTree = "<group>"; };
		F5CA68092A3323CC0014CCDC /* ARViewContainer.swift */ = {isa = PBXFileReference; lastKnownFileType = sourcecode.swift; path = ARViewContainer.swift; sourceTree = "<group>"; };
		F5ECE2402A809A2800F52008 /* UserDefaults+Key.swift */ = {isa = PBXFileReference; lastKnownFileType = sourcecode.swift; path = "UserDefaults+Key.swift"; sourceTree = "<group>"; };
		F5ECE2422A809AF500F52008 /* AppStoreReviewManager.swift */ = {isa = PBXFileReference; lastKnownFileType = sourcecode.swift; path = AppStoreReviewManager.swift; sourceTree = "<group>"; };
/* End PBXFileReference section */

/* Begin PBXFrameworksBuildPhase section */
		F5396D602A30E6E50059E331 /* Frameworks */ = {
			isa = PBXFrameworksBuildPhase;
			buildActionMask = 2147483647;
			files = (
				9DF8456653DD26525925B71A /* Pods_GRESSO.framework in Frameworks */,
				F544678F2A92238F00E6D156 /* Adjust in Frameworks */,
				F54467942A94A4DA00E6D156 /* FirebaseAnalytics in Frameworks */,
			);
			runOnlyForDeploymentPostprocessing = 0;
		};
/* End PBXFrameworksBuildPhase section */

/* Begin PBXGroup section */
		B801C65EDFB2183C112CC6AE /* Frameworks */ = {
			isa = PBXGroup;
			children = (
				08E3A999C72AEBA3C25959F4 /* Pods_GRESSO.framework */,
			);
			name = Frameworks;
			sourceTree = "<group>";
		};
		DDE9DD00B7232C2E1ED8E8B9 /* Pods */ = {
			isa = PBXGroup;
			children = (
				47FF4BD92E850633C7432851 /* Pods-GRESSO.debug.xcconfig */,
				0FE37BCC60C5D11179257E99 /* Pods-GRESSO.release.xcconfig */,
			);
			path = Pods;
			sourceTree = "<group>";
		};
		F537587A2A46D2FC00EF0139 /* Resources */ = {
			isa = PBXGroup;
			children = (
				F5396D6A2A30E6E90059E331 /* Assets.xcassets */,
				F59E78DC2A60652000309218 /* Fonts */,
				F53A8DFF2A62A85100825578 /* R.generated.swift */,
				F537587B2A46D31800EF0139 /* Assets.swift */,
				F53A8E142A62AF0400825578 /* Localizable.strings */,
			);
			path = Resources;
			sourceTree = "<group>";
		};
		F537587D2A4841FA00EF0139 /* Protocols */ = {
			isa = PBXGroup;
			children = (
				F537587E2A48420200EF0139 /* ClassIdentifiable.swift */,
			);
			path = Protocols;
			sourceTree = "<group>";
		};
		F53758802A48422900EF0139 /* ARFittingRoom */ = {
			isa = PBXGroup;
			children = (
				F53758A32A49F5B300EF0139 /* SnapshotView */,
				F53758812A48425000EF0139 /* ColorsView */,
				F5CA68092A3323CC0014CCDC /* ARViewContainer.swift */,
				F56F000F2A3F26E800D66042 /* ARFittingRoomView.swift */,
			);
			path = ARFittingRoom;
			sourceTree = "<group>";
		};
		F53758812A48425000EF0139 /* ColorsView */ = {
			isa = PBXGroup;
			children = (
				F53758862A48428500EF0139 /* Cells */,
				F53758822A48425700EF0139 /* ColorsView.swift */,
				F53758842A48426C00EF0139 /* PagingColorsView.swift */,
			);
			path = ColorsView;
			sourceTree = "<group>";
		};
		F53758862A48428500EF0139 /* Cells */ = {
			isa = PBXGroup;
			children = (
				F53758872A48428900EF0139 /* ColorCollectionCell.swift */,
			);
			path = Cells;
			sourceTree = "<group>";
		};
		F53758A32A49F5B300EF0139 /* SnapshotView */ = {
			isa = PBXGroup;
			children = (
				F53758A42A49F63C00EF0139 /* SnapshotView.swift */,
			);
			path = SnapshotView;
			sourceTree = "<group>";
		};
		F53758A62A4A16E000EF0139 /* Views */ = {
			isa = PBXGroup;
			children = (
				F59E78DA2A6064AE00309218 /* SegmentedControl.swift */,
				F53758A72A4A16E800EF0139 /* ActivityView.swift */,
				F53A8E172A62BB8B00825578 /* TryOnButton.swift */,
			);
			path = Views;
			sourceTree = "<group>";
		};
		F5396D5A2A30E6E50059E331 = {
			isa = PBXGroup;
			children = (
				F5396D652A30E6E50059E331 /* GRESSO */,
				F5396D642A30E6E50059E331 /* Products */,
				DDE9DD00B7232C2E1ED8E8B9 /* Pods */,
				B801C65EDFB2183C112CC6AE /* Frameworks */,
			);
			sourceTree = "<group>";
		};
		F5396D642A30E6E50059E331 /* Products */ = {
			isa = PBXGroup;
			children = (
				F5396D632A30E6E50059E331 /* GRESSO.app */,
			);
			name = Products;
			sourceTree = "<group>";
		};
		F5396D652A30E6E50059E331 /* GRESSO */ = {
			isa = PBXGroup;
			children = (
				F53F62D62B0A64DB009163C6 /* GoogleService-Info.plist */,
				F53A8E1B2A6490DA00825578 /* Info.plist */,
				F58420082A4E3A8E004C4A27 /* Models */,
				F53758A62A4A16E000EF0139 /* Views */,
				F5396D662A30E6E50059E331 /* GressoAppApp.swift */,
				F5396D682A30E6E50059E331 /* ContentView.swift */,
				F584DFC92A349965002517FD /* WebView.swift */,
				F53758802A48422900EF0139 /* ARFittingRoom */,
				F5A82A5C2A39F14D00B033EF /* Services */,
				F537587A2A46D2FC00EF0139 /* Resources */,
				F537587D2A4841FA00EF0139 /* Protocols */,
				F58420052A4E2BCC004C4A27 /* Extensions */,
				F584DFCD2A34F0A7002517FD /* Launch Screen.storyboard */,
				F5396D6C2A30E6E90059E331 /* Preview Content */,
			);
			path = GRESSO;
			sourceTree = "<group>";
		};
		F5396D6C2A30E6E90059E331 /* Preview Content */ = {
			isa = PBXGroup;
			children = (
				F5396D6D2A30E6E90059E331 /* Preview Assets.xcassets */,
			);
			path = "Preview Content";
			sourceTree = "<group>";
		};
		F58420052A4E2BCC004C4A27 /* Extensions */ = {
			isa = PBXGroup;
			children = (
				F58420062A4E2BE1004C4A27 /* Collection+SafeGetter.swift */,
				F59E79052A6065F800309218 /* UIImage+textEmbeded.swift */,
				F53A8DFB2A62982100825578 /* UIColor+image.swift */,
				F53A8E192A62C13200825578 /* UIView+Screenshot.swift */,
				F5ECE2402A809A2800F52008 /* UserDefaults+Key.swift */,
			);
			path = Extensions;
			sourceTree = "<group>";
		};
		F58420082A4E3A8E004C4A27 /* Models */ = {
			isa = PBXGroup;
			children = (
				F58420092A4E3A95004C4A27 /* LoadingModel.swift */,
				F53A669C2A5C4D6E00786FB8 /* RCProject.swift */,
			);
			path = Models;
			sourceTree = "<group>";
		};
		F59E78DC2A60652000309218 /* Fonts */ = {
			isa = PBXGroup;
			children = (
				F59E78DD2A60652000309218 /* Jost */,
			);
			path = Fonts;
			sourceTree = "<group>";
		};
		F59E78DD2A60652000309218 /* Jost */ = {
			isa = PBXGroup;
			children = (
				F59E78DE2A60652000309218 /* Jost ExtraLightItalic.ttf */,
				F59E78DF2A60652000309218 /* Jost SemiBoldItalic.ttf */,
				F59E78E02A60652000309218 /* Jost MediumItalic.ttf */,
				F59E78E12A60652000309218 /* Jost ExtraBoldItalic.ttf */,
				F59E78E22A60652000309218 /* Jost LightItalic.ttf */,
				F59E78E32A60652000309218 /* Jost Black.ttf */,
				F59E78E42A60652000309218 /* Jost BlackItalic.ttf */,
				F59E78E52A60652000309218 /* Jost BoldItalic.ttf */,
				F59E78E62A60652000309218 /* Jost ThinItalic.ttf */,
				F59E78E72A60652000309218 /* Jost ExtraLight.ttf */,
				F59E78E82A60652000309218 /* Jost Medium.ttf */,
				F59E78E92A60652000309218 /* Jost SemiBold.ttf */,
				F59E78EA2A60652000309218 /* Jost Regular.ttf */,
				F59E78EB2A60652000309218 /* Jost Italic.ttf */,
				F59E78EC2A60652000309218 /* Jost Bold.ttf */,
				F59E78ED2A60652000309218 /* Jost Light.ttf */,
				F59E78EE2A60652000309218 /* Jost Thin.ttf */,
				F59E78EF2A60652000309218 /* Jost ExtraBold.ttf */,
			);
			path = Jost;
			sourceTree = "<group>";
		};
		F5A82A5C2A39F14D00B033EF /* Services */ = {
			isa = PBXGroup;
			children = (
				F56F000D2A3F262E00D66042 /* S3ServiceHandler.swift */,
				F5ECE2422A809AF500F52008 /* AppStoreReviewManager.swift */,
				F53F62D42B0A5917009163C6 /* AnalyticsService.swift */,
			);
			path = Services;
			sourceTree = "<group>";
		};
/* End PBXGroup section */

/* Begin PBXNativeTarget section */
		F5396D622A30E6E50059E331 /* GRESSO */ = {
			isa = PBXNativeTarget;
			buildConfigurationList = F5396D712A30E6E90059E331 /* Build configuration list for PBXNativeTarget "GRESSO" */;
			buildPhases = (
				6243332DE28F603A7C11A22B /* [CP] Check Pods Manifest.lock */,
				F59E79042A60656100309218 /* R.Swift */,
				F5396D5F2A30E6E50059E331 /* Sources */,
				F5396D602A30E6E50059E331 /* Frameworks */,
				F5396D612A30E6E50059E331 /* Resources */,
				6D41CBF4D979FFCA9C16A616 /* [CP] Embed Pods Frameworks */,
			);
			buildRules = (
			);
			dependencies = (
			);
			name = GRESSO;
			packageProductDependencies = (
				F544678E2A92238F00E6D156 /* Adjust */,
				F54467932A94A4DA00E6D156 /* FirebaseAnalytics */,
			);
			productName = GressoApp;
			productReference = F5396D632A30E6E50059E331 /* GRESSO.app */;
			productType = "com.apple.product-type.application";
		};
/* End PBXNativeTarget section */

/* Begin PBXProject section */
		F5396D5B2A30E6E50059E331 /* Project object */ = {
			isa = PBXProject;
			attributes = {
				BuildIndependentTargetsInParallel = 1;
				LastSwiftUpdateCheck = 1420;
				LastUpgradeCheck = 1420;
				TargetAttributes = {
					F5396D622A30E6E50059E331 = {
						CreatedOnToolsVersion = 14.2;
					};
				};
			};
			buildConfigurationList = F5396D5E2A30E6E50059E331 /* Build configuration list for PBXProject "GRESSO" */;
			compatibilityVersion = "Xcode 14.0";
			developmentRegion = en;
			hasScannedForEncodings = 0;
			knownRegions = (
				en,
				ru,
				"es-419",
			);
			mainGroup = F5396D5A2A30E6E50059E331;
			packageReferences = (
				F544678D2A92238F00E6D156 /* XCRemoteSwiftPackageReference "ios_sdk" */,
				F54467922A94A4DA00E6D156 /* XCRemoteSwiftPackageReference "firebase-ios-sdk" */,
			);
			productRefGroup = F5396D642A30E6E50059E331 /* Products */;
			projectDirPath = "";
			projectRoot = "";
			targets = (
				F5396D622A30E6E50059E331 /* GRESSO */,
			);
		};
/* End PBXProject section */

/* Begin PBXResourcesBuildPhase section */
		F5396D612A30E6E50059E331 /* Resources */ = {
			isa = PBXResourcesBuildPhase;
			buildActionMask = 2147483647;
			files = (
				F59E78FD2A60652000309218 /* Jost Italic.ttf in Resources */,
				F59E78F32A60652000309218 /* Jost ExtraBoldItalic.ttf in Resources */,
				F59E78FE2A60652000309218 /* Jost Bold.ttf in Resources */,
				F59E78F62A60652000309218 /* Jost BlackItalic.ttf in Resources */,
				F59E78FF2A60652000309218 /* Jost Light.ttf in Resources */,
				F59E78F12A60652000309218 /* Jost SemiBoldItalic.ttf in Resources */,
				F584DFCE2A34F0A7002517FD /* Launch Screen.storyboard in Resources */,
				F59E78F82A60652000309218 /* Jost ThinItalic.ttf in Resources */,
				F59E79012A60652000309218 /* Jost ExtraBold.ttf in Resources */,
				F59E79002A60652000309218 /* Jost Thin.ttf in Resources */,
				F5396D6E2A30E6E90059E331 /* Preview Assets.xcassets in Resources */,
				F59E78F92A60652000309218 /* Jost ExtraLight.ttf in Resources */,
				F5396D6B2A30E6E90059E331 /* Assets.xcassets in Resources */,
				F53A8E122A62AF0400825578 /* Localizable.strings in Resources */,
				F59E78F22A60652000309218 /* Jost MediumItalic.ttf in Resources */,
				F59E78F42A60652000309218 /* Jost LightItalic.ttf in Resources */,
				F59E78F02A60652000309218 /* Jost ExtraLightItalic.ttf in Resources */,
				F53F62D72B0A64DB009163C6 /* GoogleService-Info.plist in Resources */,
				F59E78F72A60652000309218 /* Jost BoldItalic.ttf in Resources */,
				F59E78FA2A60652000309218 /* Jost Medium.ttf in Resources */,
				F59E78F52A60652000309218 /* Jost Black.ttf in Resources */,
				F59E78FC2A60652000309218 /* Jost Regular.ttf in Resources */,
				F59E78FB2A60652000309218 /* Jost SemiBold.ttf in Resources */,
			);
			runOnlyForDeploymentPostprocessing = 0;
		};
/* End PBXResourcesBuildPhase section */

/* Begin PBXShellScriptBuildPhase section */
		6243332DE28F603A7C11A22B /* [CP] Check Pods Manifest.lock */ = {
			isa = PBXShellScriptBuildPhase;
			buildActionMask = 2147483647;
			files = (
			);
			inputFileListPaths = (
			);
			inputPaths = (
				"${PODS_PODFILE_DIR_PATH}/Podfile.lock",
				"${PODS_ROOT}/Manifest.lock",
			);
			name = "[CP] Check Pods Manifest.lock";
			outputFileListPaths = (
			);
			outputPaths = (
				"$(DERIVED_FILE_DIR)/Pods-GRESSO-checkManifestLockResult.txt",
			);
			runOnlyForDeploymentPostprocessing = 0;
			shellPath = /bin/sh;
			shellScript = "diff \"${PODS_PODFILE_DIR_PATH}/Podfile.lock\" \"${PODS_ROOT}/Manifest.lock\" > /dev/null\nif [ $? != 0 ] ; then\n    # print error to STDERR\n    echo \"error: The sandbox is not in sync with the Podfile.lock. Run 'pod install' or update your CocoaPods installation.\" >&2\n    exit 1\nfi\n# This output is used by Xcode 'outputs' to avoid re-running this script phase.\necho \"SUCCESS\" > \"${SCRIPT_OUTPUT_FILE_0}\"\n";
			showEnvVarsInLog = 0;
		};
		6D41CBF4D979FFCA9C16A616 /* [CP] Embed Pods Frameworks */ = {
			isa = PBXShellScriptBuildPhase;
			buildActionMask = 2147483647;
			files = (
			);
			inputFileListPaths = (
				"${PODS_ROOT}/Target Support Files/Pods-GRESSO/Pods-GRESSO-frameworks-${CONFIGURATION}-input-files.xcfilelist",
			);
			name = "[CP] Embed Pods Frameworks";
			outputFileListPaths = (
				"${PODS_ROOT}/Target Support Files/Pods-GRESSO/Pods-GRESSO-frameworks-${CONFIGURATION}-output-files.xcfilelist",
			);
			runOnlyForDeploymentPostprocessing = 0;
			shellPath = /bin/sh;
			shellScript = "\"${PODS_ROOT}/Target Support Files/Pods-GRESSO/Pods-GRESSO-frameworks.sh\"\n";
			showEnvVarsInLog = 0;
		};
		F59E79042A60656100309218 /* R.Swift */ = {
			isa = PBXShellScriptBuildPhase;
			alwaysOutOfDate = 1;
			buildActionMask = 2147483647;
			files = (
			);
			inputFileListPaths = (
			);
			inputPaths = (
			);
			name = R.Swift;
			outputFileListPaths = (
			);
			outputPaths = (
				"$(SRCROOT)/R.generated.swift",
			);
			runOnlyForDeploymentPostprocessing = 0;
			shellPath = /bin/sh;
			shellScript = "# Type a script or drag a script file from your workspace to insert its path.\n\"$PODS_ROOT/R.swift/rswift\" generate \"$SRCROOT/R.generated.swift\"\n";
		};
/* End PBXShellScriptBuildPhase section */

/* Begin PBXSourcesBuildPhase section */
		F5396D5F2A30E6E50059E331 /* Sources */ = {
			isa = PBXSourcesBuildPhase;
			buildActionMask = 2147483647;
			files = (
				F53A8DFC2A62982100825578 /* UIColor+image.swift in Sources */,
				F5ECE2412A809A2800F52008 /* UserDefaults+Key.swift in Sources */,
				F53758A52A49F63C00EF0139 /* SnapshotView.swift in Sources */,
				F53A8E1A2A62C13200825578 /* UIView+Screenshot.swift in Sources */,
				F53758832A48425700EF0139 /* ColorsView.swift in Sources */,
				F53758A82A4A16E800EF0139 /* ActivityView.swift in Sources */,
				F537587F2A48420200EF0139 /* ClassIdentifiable.swift in Sources */,
				F56F000E2A3F262E00D66042 /* S3ServiceHandler.swift in Sources */,
				F537587C2A46D31800EF0139 /* Assets.swift in Sources */,
				F59E79062A6065F800309218 /* UIImage+textEmbeded.swift in Sources */,
				F53A8E002A62A85100825578 /* R.generated.swift in Sources */,
				F53F62D52B0A5917009163C6 /* AnalyticsService.swift in Sources */,
				F584200A2A4E3A95004C4A27 /* LoadingModel.swift in Sources */,
				F53A8E182A62BB8B00825578 /* TryOnButton.swift in Sources */,
				F53758852A48426C00EF0139 /* PagingColorsView.swift in Sources */,
				F584DFCA2A349965002517FD /* WebView.swift in Sources */,
				F59E78DB2A6064AE00309218 /* SegmentedControl.swift in Sources */,
				F5396D692A30E6E50059E331 /* ContentView.swift in Sources */,
				F5ECE2432A809AF500F52008 /* AppStoreReviewManager.swift in Sources */,
				F53A669D2A5C4D6E00786FB8 /* RCProject.swift in Sources */,
				F58420072A4E2BE1004C4A27 /* Collection+SafeGetter.swift in Sources */,
				F53758882A48428900EF0139 /* ColorCollectionCell.swift in Sources */,
				F5396D672A30E6E50059E331 /* GressoAppApp.swift in Sources */,
				F5CA680A2A3323CC0014CCDC /* ARViewContainer.swift in Sources */,
				F56F00102A3F26E800D66042 /* ARFittingRoomView.swift in Sources */,
			);
			runOnlyForDeploymentPostprocessing = 0;
		};
/* End PBXSourcesBuildPhase section */

/* Begin PBXVariantGroup section */
		F53A8E142A62AF0400825578 /* Localizable.strings */ = {
			isa = PBXVariantGroup;
			children = (
				F53A8E132A62AF0400825578 /* en */,
				F53A8E152A62AF0700825578 /* ru */,
				F53A8E162A62AF0800825578 /* es-419 */,
			);
			name = Localizable.strings;
			sourceTree = "<group>";
		};
/* End PBXVariantGroup section */

/* Begin XCBuildConfiguration section */
		F5396D6F2A30E6E90059E331 /* Debug */ = {
			isa = XCBuildConfiguration;
			buildSettings = {
				ALWAYS_SEARCH_USER_PATHS = NO;
				CLANG_ANALYZER_NONNULL = YES;
				CLANG_ANALYZER_NUMBER_OBJECT_CONVERSION = YES_AGGRESSIVE;
				CLANG_CXX_LANGUAGE_STANDARD = "gnu++20";
				CLANG_ENABLE_MODULES = YES;
				CLANG_ENABLE_OBJC_ARC = YES;
				CLANG_ENABLE_OBJC_WEAK = YES;
				CLANG_WARN_BLOCK_CAPTURE_AUTORELEASING = YES;
				CLANG_WARN_BOOL_CONVERSION = YES;
				CLANG_WARN_COMMA = YES;
				CLANG_WARN_CONSTANT_CONVERSION = YES;
				CLANG_WARN_DEPRECATED_OBJC_IMPLEMENTATIONS = YES;
				CLANG_WARN_DIRECT_OBJC_ISA_USAGE = YES_ERROR;
				CLANG_WARN_DOCUMENTATION_COMMENTS = YES;
				CLANG_WARN_EMPTY_BODY = YES;
				CLANG_WARN_ENUM_CONVERSION = YES;
				CLANG_WARN_INFINITE_RECURSION = YES;
				CLANG_WARN_INT_CONVERSION = YES;
				CLANG_WARN_NON_LITERAL_NULL_CONVERSION = YES;
				CLANG_WARN_OBJC_IMPLICIT_RETAIN_SELF = YES;
				CLANG_WARN_OBJC_LITERAL_CONVERSION = YES;
				CLANG_WARN_OBJC_ROOT_CLASS = YES_ERROR;
				CLANG_WARN_QUOTED_INCLUDE_IN_FRAMEWORK_HEADER = YES;
				CLANG_WARN_RANGE_LOOP_ANALYSIS = YES;
				CLANG_WARN_STRICT_PROTOTYPES = YES;
				CLANG_WARN_SUSPICIOUS_MOVE = YES;
				CLANG_WARN_UNGUARDED_AVAILABILITY = YES_AGGRESSIVE;
				CLANG_WARN_UNREACHABLE_CODE = YES;
				CLANG_WARN__DUPLICATE_METHOD_MATCH = YES;
				COPY_PHASE_STRIP = NO;
				DEBUG_INFORMATION_FORMAT = dwarf;
				ENABLE_STRICT_OBJC_MSGSEND = YES;
				ENABLE_TESTABILITY = YES;
				GCC_C_LANGUAGE_STANDARD = gnu11;
				GCC_DYNAMIC_NO_PIC = NO;
				GCC_NO_COMMON_BLOCKS = YES;
				GCC_OPTIMIZATION_LEVEL = 0;
				GCC_PREPROCESSOR_DEFINITIONS = (
					"DEBUG=1",
					"$(inherited)",
				);
				GCC_WARN_64_TO_32_BIT_CONVERSION = YES;
				GCC_WARN_ABOUT_RETURN_TYPE = YES_ERROR;
				GCC_WARN_UNDECLARED_SELECTOR = YES;
				GCC_WARN_UNINITIALIZED_AUTOS = YES_AGGRESSIVE;
				GCC_WARN_UNUSED_FUNCTION = YES;
				GCC_WARN_UNUSED_VARIABLE = YES;
				IPHONEOS_DEPLOYMENT_TARGET = 16.2;
				MTL_ENABLE_DEBUG_INFO = INCLUDE_SOURCE;
				MTL_FAST_MATH = YES;
				ONLY_ACTIVE_ARCH = YES;
				SDKROOT = iphoneos;
				SWIFT_ACTIVE_COMPILATION_CONDITIONS = DEBUG;
				SWIFT_OPTIMIZATION_LEVEL = "-Onone";
			};
			name = Debug;
		};
		F5396D702A30E6E90059E331 /* Release */ = {
			isa = XCBuildConfiguration;
			buildSettings = {
				ALWAYS_SEARCH_USER_PATHS = NO;
				CLANG_ANALYZER_NONNULL = YES;
				CLANG_ANALYZER_NUMBER_OBJECT_CONVERSION = YES_AGGRESSIVE;
				CLANG_CXX_LANGUAGE_STANDARD = "gnu++20";
				CLANG_ENABLE_MODULES = YES;
				CLANG_ENABLE_OBJC_ARC = YES;
				CLANG_ENABLE_OBJC_WEAK = YES;
				CLANG_WARN_BLOCK_CAPTURE_AUTORELEASING = YES;
				CLANG_WARN_BOOL_CONVERSION = YES;
				CLANG_WARN_COMMA = YES;
				CLANG_WARN_CONSTANT_CONVERSION = YES;
				CLANG_WARN_DEPRECATED_OBJC_IMPLEMENTATIONS = YES;
				CLANG_WARN_DIRECT_OBJC_ISA_USAGE = YES_ERROR;
				CLANG_WARN_DOCUMENTATION_COMMENTS = YES;
				CLANG_WARN_EMPTY_BODY = YES;
				CLANG_WARN_ENUM_CONVERSION = YES;
				CLANG_WARN_INFINITE_RECURSION = YES;
				CLANG_WARN_INT_CONVERSION = YES;
				CLANG_WARN_NON_LITERAL_NULL_CONVERSION = YES;
				CLANG_WARN_OBJC_IMPLICIT_RETAIN_SELF = YES;
				CLANG_WARN_OBJC_LITERAL_CONVERSION = YES;
				CLANG_WARN_OBJC_ROOT_CLASS = YES_ERROR;
				CLANG_WARN_QUOTED_INCLUDE_IN_FRAMEWORK_HEADER = YES;
				CLANG_WARN_RANGE_LOOP_ANALYSIS = YES;
				CLANG_WARN_STRICT_PROTOTYPES = YES;
				CLANG_WARN_SUSPICIOUS_MOVE = YES;
				CLANG_WARN_UNGUARDED_AVAILABILITY = YES_AGGRESSIVE;
				CLANG_WARN_UNREACHABLE_CODE = YES;
				CLANG_WARN__DUPLICATE_METHOD_MATCH = YES;
				COPY_PHASE_STRIP = NO;
				DEBUG_INFORMATION_FORMAT = "dwarf-with-dsym";
				ENABLE_NS_ASSERTIONS = NO;
				ENABLE_STRICT_OBJC_MSGSEND = YES;
				GCC_C_LANGUAGE_STANDARD = gnu11;
				GCC_NO_COMMON_BLOCKS = YES;
				GCC_WARN_64_TO_32_BIT_CONVERSION = YES;
				GCC_WARN_ABOUT_RETURN_TYPE = YES_ERROR;
				GCC_WARN_UNDECLARED_SELECTOR = YES;
				GCC_WARN_UNINITIALIZED_AUTOS = YES_AGGRESSIVE;
				GCC_WARN_UNUSED_FUNCTION = YES;
				GCC_WARN_UNUSED_VARIABLE = YES;
				IPHONEOS_DEPLOYMENT_TARGET = 16.2;
				MTL_ENABLE_DEBUG_INFO = NO;
				MTL_FAST_MATH = YES;
				SDKROOT = iphoneos;
				SWIFT_COMPILATION_MODE = wholemodule;
				SWIFT_OPTIMIZATION_LEVEL = "-O";
				VALIDATE_PRODUCT = YES;
			};
			name = Release;
		};
		F5396D722A30E6E90059E331 /* Debug */ = {
			isa = XCBuildConfiguration;
			baseConfigurationReference = 47FF4BD92E850633C7432851 /* Pods-GRESSO.debug.xcconfig */;
			buildSettings = {
				ASSETCATALOG_COMPILER_APPICON_NAME = AppIcon;
				ASSETCATALOG_COMPILER_GLOBAL_ACCENT_COLOR_NAME = AccentColor;
				CODE_SIGN_IDENTITY = "Apple Development";
				"CODE_SIGN_IDENTITY[sdk=iphoneos*]" = "iPhone Developer";
				CODE_SIGN_STYLE = Manual;
				CURRENT_PROJECT_VERSION = 27;
				DEVELOPMENT_ASSET_PATHS = "\"GRESSO/Preview Content\"";
				DEVELOPMENT_TEAM = "";
				"DEVELOPMENT_TEAM[sdk=iphoneos*]" = 57N6APB8T5;
				ENABLE_PREVIEWS = YES;
				GENERATE_INFOPLIST_FILE = YES;
				INFOPLIST_FILE = GRESSO/Info.plist;
				INFOPLIST_KEY_CFBundleDisplayName = GRESSO;
				INFOPLIST_KEY_NSCameraUsageDescription = "By clicking “OK”, you agree to give GRESSO access to your camera to measure your facial features. (FYI: We don’t store or share these measurements - and will only collect and use them while you’re using Virtual Try-On.).";
				INFOPLIST_KEY_NSPhotoLibraryAddUsageDescription = "";
				INFOPLIST_KEY_UIApplicationSceneManifest_Generation = YES;
				INFOPLIST_KEY_UIApplicationSupportsIndirectInputEvents = YES;
				INFOPLIST_KEY_UILaunchScreen_Generation = YES;
				INFOPLIST_KEY_UILaunchStoryboardName = "Launch Screen.storyboard";
				INFOPLIST_KEY_UISupportedInterfaceOrientations = UIInterfaceOrientationPortrait;
				INFOPLIST_KEY_UISupportedInterfaceOrientations_iPad = "UIInterfaceOrientationLandscapeLeft UIInterfaceOrientationLandscapeRight UIInterfaceOrientationPortrait UIInterfaceOrientationPortraitUpsideDown";
				IPHONEOS_DEPLOYMENT_TARGET = 15.0;
				LD_RUNPATH_SEARCH_PATHS = (
					"$(inherited)",
					"@executable_path/Frameworks",
				);
				MARKETING_VERSION = 1.0;
				PRODUCT_BUNDLE_IDENTIFIER = com.gresso.GressoApp;
				PRODUCT_NAME = "$(TARGET_NAME)";
				PROVISIONING_PROFILE_SPECIFIER = "";
				"PROVISIONING_PROFILE_SPECIFIER[sdk=iphoneos*]" = "GressoApp Development";
				SUPPORTED_PLATFORMS = "iphoneos iphonesimulator";
				SUPPORTS_MACCATALYST = NO;
				SUPPORTS_MAC_DESIGNED_FOR_IPHONE_IPAD = NO;
				SWIFT_EMIT_LOC_STRINGS = YES;
				SWIFT_VERSION = 5.0;
				TARGETED_DEVICE_FAMILY = 1;
			};
			name = Debug;
		};
		F5396D732A30E6E90059E331 /* Release */ = {
			isa = XCBuildConfiguration;
			baseConfigurationReference = 0FE37BCC60C5D11179257E99 /* Pods-GRESSO.release.xcconfig */;
			buildSettings = {
				ASSETCATALOG_COMPILER_APPICON_NAME = AppIcon;
				ASSETCATALOG_COMPILER_GLOBAL_ACCENT_COLOR_NAME = AccentColor;
				CODE_SIGN_IDENTITY = "Apple Development";
				"CODE_SIGN_IDENTITY[sdk=iphoneos*]" = "iPhone Developer";
				CODE_SIGN_STYLE = Manual;
				CURRENT_PROJECT_VERSION = 27;
				DEVELOPMENT_ASSET_PATHS = "\"GRESSO/Preview Content\"";
				DEVELOPMENT_TEAM = "";
				"DEVELOPMENT_TEAM[sdk=iphoneos*]" = 57N6APB8T5;
				ENABLE_PREVIEWS = YES;
				GENERATE_INFOPLIST_FILE = YES;
				INFOPLIST_FILE = GRESSO/Info.plist;
				INFOPLIST_KEY_CFBundleDisplayName = GRESSO;
				INFOPLIST_KEY_NSCameraUsageDescription = "By clicking “OK”, you agree to give GRESSO access to your camera to measure your facial features. (FYI: We don’t store or share these measurements - and will only collect and use them while you’re using Virtual Try-On.).";
				INFOPLIST_KEY_NSPhotoLibraryAddUsageDescription = "";
				INFOPLIST_KEY_UIApplicationSceneManifest_Generation = YES;
				INFOPLIST_KEY_UIApplicationSupportsIndirectInputEvents = YES;
				INFOPLIST_KEY_UILaunchScreen_Generation = YES;
				INFOPLIST_KEY_UILaunchStoryboardName = "Launch Screen.storyboard";
				INFOPLIST_KEY_UISupportedInterfaceOrientations = UIInterfaceOrientationPortrait;
				INFOPLIST_KEY_UISupportedInterfaceOrientations_iPad = "UIInterfaceOrientationLandscapeLeft UIInterfaceOrientationLandscapeRight UIInterfaceOrientationPortrait UIInterfaceOrientationPortraitUpsideDown";
				IPHONEOS_DEPLOYMENT_TARGET = 15.0;
				LD_RUNPATH_SEARCH_PATHS = (
					"$(inherited)",
					"@executable_path/Frameworks",
				);
				MARKETING_VERSION = 1.0;
				PRODUCT_BUNDLE_IDENTIFIER = com.gresso.GressoApp;
				PRODUCT_NAME = "$(TARGET_NAME)";
				PROVISIONING_PROFILE_SPECIFIER = "";
				"PROVISIONING_PROFILE_SPECIFIER[sdk=iphoneos*]" = "GressoApp Development";
				SUPPORTED_PLATFORMS = "iphoneos iphonesimulator";
				SUPPORTS_MACCATALYST = NO;
				SUPPORTS_MAC_DESIGNED_FOR_IPHONE_IPAD = NO;
				SWIFT_EMIT_LOC_STRINGS = YES;
				SWIFT_VERSION = 5.0;
				TARGETED_DEVICE_FAMILY = 1;
			};
			name = Release;
		};
/* End XCBuildConfiguration section */

/* Begin XCConfigurationList section */
		F5396D5E2A30E6E50059E331 /* Build configuration list for PBXProject "GRESSO" */ = {
			isa = XCConfigurationList;
			buildConfigurations = (
				F5396D6F2A30E6E90059E331 /* Debug */,
				F5396D702A30E6E90059E331 /* Release */,
			);
			defaultConfigurationIsVisible = 0;
			defaultConfigurationName = Release;
		};
		F5396D712A30E6E90059E331 /* Build configuration list for PBXNativeTarget "GRESSO" */ = {
			isa = XCConfigurationList;
			buildConfigurations = (
				F5396D722A30E6E90059E331 /* Debug */,
				F5396D732A30E6E90059E331 /* Release */,
			);
			defaultConfigurationIsVisible = 0;
			defaultConfigurationName = Release;
		};
/* End XCConfigurationList section */

/* Begin XCRemoteSwiftPackageReference section */
		F544678D2A92238F00E6D156 /* XCRemoteSwiftPackageReference "ios_sdk" */ = {
			isa = XCRemoteSwiftPackageReference;
			repositoryURL = "https://github.com/adjust/ios_sdk";
			requirement = {
				branch = master;
				kind = branch;
			};
		};
		F54467922A94A4DA00E6D156 /* XCRemoteSwiftPackageReference "firebase-ios-sdk" */ = {
			isa = XCRemoteSwiftPackageReference;
			repositoryURL = "https://github.com/firebase/firebase-ios-sdk";
			requirement = {
				kind = upToNextMajorVersion;
				minimumVersion = 10.0.0;
			};
		};
/* End XCRemoteSwiftPackageReference section */

/* Begin XCSwiftPackageProductDependency section */
		F544678E2A92238F00E6D156 /* Adjust */ = {
			isa = XCSwiftPackageProductDependency;
			package = F544678D2A92238F00E6D156 /* XCRemoteSwiftPackageReference "ios_sdk" */;
			productName = Adjust;
		};
		F54467932A94A4DA00E6D156 /* FirebaseAnalytics */ = {
			isa = XCSwiftPackageProductDependency;
			package = F54467922A94A4DA00E6D156 /* XCRemoteSwiftPackageReference "firebase-ios-sdk" */;
			productName = FirebaseAnalytics;
		};
/* End XCSwiftPackageProductDependency section */
	};
	rootObject = F5396D5B2A30E6E50059E331 /* Project object */;
}
